{
    "_meta": {
        "hash": {
            "sha256": "13b0d54a4abf4b6f0938023ff2725263c2fcf776df015b00c04db2ee6df05633"
        },
        "pipfile-spec": 6,
        "requires": {
            "python_version": "3.9"
        },
        "sources": [
            {
                "name": "pypi",
                "url": "https://pypi.org/simple",
                "verify_ssl": true
            }
        ]
    },
    "default": {
        "certifi": {
            "hashes": [
                "sha256:9c5705e395cd70084351dd8ad5c41e65655e08ce46f2ec9cf6c2c08390f71eb7",
                "sha256:f1d53542ee8cbedbe2118b5686372fb33c297fcd6379b050cca0ef13a597382a"
            ],
            "markers": "python_version >= '3.6'",
            "version": "==2022.5.18.1"
        },
        "charset-normalizer": {
            "hashes": [
                "sha256:2857e29ff0d34db842cd7ca3230549d1a697f96ee6d3fb071cfa6c7393832597",
                "sha256:6881edbebdb17b39b4eaaa821b438bf6eddffb4468cf344f09f89def34a8b1df"
            ],
            "markers": "python_version >= '3'",
            "version": "==2.0.12"
        },
        "exifread": {
            "hashes": [
                "sha256:0ac5a364169dbdf2bd62f94f5c073970ab6694a3166177f5e448b10c943e2ca4",
                "sha256:2c5c59ef03b3bbee75b82b82d2498006b3c13509f35c9a76c7552faff73fa2d5"
            ],
            "index": "pypi",
            "version": "==3.0.0"
        },
        "idna": {
            "hashes": [
                "sha256:84d9dd047ffa80596e0f246e2eab0b391788b0503584e8945f2368256d2735ff",
                "sha256:9d643ff0a55b762d5cdb124b8eaa99c66322e2157b69160bc32796e824360e6d"
            ],
            "markers": "python_version >= '3'",
            "version": "==3.3"
        },
        "pycryptodome": {
            "hashes": [
                "sha256:028dcbf62d128b4335b61c9fbb7dd8c376594db607ef36d5721ee659719935d5",
                "sha256:12ef157eb1e01a157ca43eda275fa68f8db0dd2792bc4fe00479ab8f0e6ae075",
                "sha256:2562de213960693b6d657098505fd4493c45f3429304da67efcbeb61f0edfe89",
                "sha256:27e92c1293afcb8d2639baf7eb43f4baada86e4de0f1fb22312bfc989b95dae2",
                "sha256:36e3242c4792e54ed906c53f5d840712793dc68b726ec6baefd8d978c5282d30",
                "sha256:50a5346af703330944bea503106cd50c9c2212174cfcb9939db4deb5305a8367",
                "sha256:53dedbd2a6a0b02924718b520a723e88bcf22e37076191eb9b91b79934fb2192",
                "sha256:69f05aaa90c99ac2f2af72d8d7f185f729721ad7c4be89e9e3d0ab101b0ee875",
                "sha256:75a3a364fee153e77ed889c957f6f94ec6d234b82e7195b117180dcc9fc16f96",
                "sha256:766a8e9832128c70012e0c2b263049506cbf334fb21ff7224e2704102b6ef59e",
                "sha256:7fb90a5000cc9c9ff34b4d99f7f039e9c3477700e309ff234eafca7b7471afc0",
                "sha256:893f32210de74b9f8ac869ed66c97d04e7d351182d6d39ebd3b36d3db8bda65d",
                "sha256:8b5c28058102e2974b9868d72ae5144128485d466ba8739abd674b77971454cc",
                "sha256:924b6aad5386fb54f2645f22658cb0398b1f25bc1e714a6d1522c75d527deaa5",
                "sha256:9924248d6920b59c260adcae3ee231cd5af404ac706ad30aa4cd87051bf09c50",
                "sha256:9ec761a35dbac4a99dcbc5cd557e6e57432ddf3e17af8c3c86b44af9da0189c0",
                "sha256:a36ab51674b014ba03da7f98b675fcb8eabd709a2d8e18219f784aba2db73b72",
                "sha256:aae395f79fa549fb1f6e3dc85cf277f0351e15a22e6547250056c7f0c990d6a5",
                "sha256:c880a98376939165b7dc504559f60abe234b99e294523a273847f9e7756f4132",
                "sha256:ce7a875694cd6ccd8682017a7c06c6483600f151d8916f2b25cf7a439e600263",
                "sha256:d1b7739b68a032ad14c5e51f7e4e1a5f92f3628bba024a2bda1f30c481fc85d8",
                "sha256:dcd65355acba9a1d0fc9b923875da35ed50506e339b35436277703d7ace3e222",
                "sha256:e04e40a7f8c1669195536a37979dd87da2c32dbdc73d6fe35f0077b0c17c803b",
                "sha256:e0c04c41e9ade19fbc0eff6aacea40b831bfcb2c91c266137bcdfd0d7b2f33ba",
                "sha256:e24d4ec4b029611359566c52f31af45c5aecde7ef90bf8f31620fd44c438efe7",
                "sha256:e64738207a02a83590df35f59d708bf1e7ea0d6adce712a777be2967e5f7043c",
                "sha256:ea56a35fd0d13121417d39a83f291017551fa2c62d6daa6b04af6ece7ed30d84",
                "sha256:f2772af1c3ef8025c85335f8b828d0193fa1e43256621f613280e2c81bfad423",
                "sha256:f403a3e297a59d94121cb3ee4b1cf41f844332940a62d71f9e4a009cc3533493",
                "sha256:f572a3ff7b6029dd9b904d6be4e0ce9e309dcb847b03e3ac8698d9d23bb36525"
            ],
            "index": "pypi",
            "version": "==3.14.1"
        },
        "python-dotenv": {
            "hashes": [
                "sha256:b7e3b04a59693c42c36f9ab1cc2acc46fa5df8c78e178fc33a8d4cd05c8d498f",
                "sha256:d92a187be61fe482e4fd675b6d52200e7be63a12b724abbf931a40ce4fa92938"
            ],
            "index": "pypi",
            "version": "==0.20.0"
        },
        "requests": {
            "hashes": [
                "sha256:68d7c56fd5a8999887728ef304a6d12edc7be74f1cfa47714fc8b414525c9a61",
                "sha256:f22fa1e554c9ddfd16e6e41ac79759e17be9e492b3587efa038054674760e72d"
            ],
            "index": "pypi",
            "version": "==2.27.1"
        },
        "urllib3": {
            "hashes": [
                "sha256:44ece4d53fb1706f667c9bd1c648f5469a2ec925fcf3a776667042d645472c14",
                "sha256:aabaf16477806a5e1dd19aa41f8c2b7950dd3c746362d7e3223dbe6de6ac448e"
            ],
            "markers": "python_version >= '2.7' and python_version not in '3.0, 3.1, 3.2, 3.3, 3.4' and python_version < '4'",
            "version": "==1.26.9"
        },
        "watchdog": {
            "hashes": [
                "sha256:036ed15f7cd656351bf4e17244447be0a09a61aaa92014332d50719fc5973bc0",
                "sha256:0c520009b8cce79099237d810aaa19bc920941c268578436b62013b2f0102320",
                "sha256:0fb60c7d31474b21acba54079ce9ff0136411183e9a591369417cddb1d7d00d7",
                "sha256:156ec3a94695ea68cfb83454b98754af6e276031ba1ae7ae724dc6bf8973b92a",
                "sha256:1ae17b6be788fb8e4d8753d8d599de948f0275a232416e16436363c682c6f850",
                "sha256:1e5d0fdfaa265c29dc12621913a76ae99656cf7587d03950dfeb3595e5a26102",
                "sha256:24dedcc3ce75e150f2a1d704661f6879764461a481ba15a57dc80543de46021c",
                "sha256:2962628a8777650703e8f6f2593065884c602df7bae95759b2df267bd89b2ef5",
                "sha256:47598fe6713fc1fee86b1ca85c9cbe77e9b72d002d6adeab9c3b608f8a5ead10",
                "sha256:4978db33fc0934c92013ee163a9db158ec216099b69fce5aec790aba704da412",
                "sha256:5e2e51c53666850c3ecffe9d265fc5d7351db644de17b15e9c685dd3cdcd6f97",
                "sha256:676263bee67b165f16b05abc52acc7a94feac5b5ab2449b491f1a97638a79277",
                "sha256:68dbe75e0fa1ba4d73ab3f8e67b21770fbed0651d32ce515cd38919a26873266",
                "sha256:6d03149126864abd32715d4e9267d2754cede25a69052901399356ad3bc5ecff",
                "sha256:6ddf67bc9f413791072e3afb466e46cc72c6799ba73dea18439b412e8f2e3257",
                "sha256:746e4c197ec1083581bb1f64d07d1136accf03437badb5ff8fcb862565c193b2",
                "sha256:7721ac736170b191c50806f43357407138c6748e4eb3e69b071397f7f7aaeedd",
                "sha256:88ef3e8640ef0a64b7ad7394b0f23384f58ac19dd759da7eaa9bc04b2898943f",
                "sha256:aa68d2d9a89d686fae99d28a6edf3b18595e78f5adf4f5c18fbfda549ac0f20c",
                "sha256:b962de4d7d92ff78fb2dbc6a0cb292a679dea879a0eb5568911484d56545b153",
                "sha256:ce7376aed3da5fd777483fe5ebc8475a440c6d18f23998024f832134b2938e7b",
                "sha256:ddde157dc1447d8130cb5b8df102fad845916fe4335e3d3c3f44c16565becbb7",
                "sha256:efcc8cbc1b43902571b3dce7ef53003f5b97fe4f275fe0489565fc6e2ebe3314",
                "sha256:f9ee4c6bf3a1b2ed6be90a2d78f3f4bbd8105b6390c04a86eb48ed67bbfa0b0b",
                "sha256:fed4de6e45a4f16e4046ea00917b4fe1700b97244e5d114f594b4a1b9de6bed8"
            ],
            "index": "pypi",
            "version": "==2.1.8"
        }
    },
    "develop": {}
}
